
Microsoft Visual Studio Solution File, Format Version 12.00
# Visual Studio Version 17
VisualStudioVersion = 17.6.33815.320
MinimumVisualStudioVersion = 10.0.40219.1
Project("{2150E333-8FDC-42A3-9474-1A3956D46DE8}") = "Services", "Services", "{953C4DC9-B989-46DD-A450-305C0FDFCB34}"
EndProject
Project("{2150E333-8FDC-42A3-9474-1A3956D46DE8}") = "Shared", "Shared", "{A76B7338-8B81-43B5-BE34-D6E60BA6008F}"
EndProject
Project("{2150E333-8FDC-42A3-9474-1A3956D46DE8}") = "Customer_Order", "Customer_Order", "{E48FD537-C5E6-491C-A1D1-7437F298EF80}"
EndProject
Project("{2150E333-8FDC-42A3-9474-1A3956D46DE8}") = "Book", "Book", "{83D2489D-EDB5-4B77-920E-27462A81965E}"
EndProject
Project("{FAE04EC0-301F-11D3-BF4B-00C04F79EFBC}") = "CustomerAPI", "Services\Customer\CustomerAPI\CustomerAPI.csproj", "{6A377139-2E6D-4A6B-9CB1-1BD2BE9D123E}"
EndProject
Project("{2150E333-8FDC-42A3-9474-1A3956D46DE8}") = "Core", "Core", "{270EE836-2C04-48D9-9F80-6D8AA324BA5C}"
EndProject
Project("{2150E333-8FDC-42A3-9474-1A3956D46DE8}") = "Infrastructure", "Infrastructure", "{464DD77C-438A-43E6-BD77-58051D1E8EED}"
EndProject
Project("{2150E333-8FDC-42A3-9474-1A3956D46DE8}") = "Presentation", "Presentation", "{43FB8ABB-FF1C-4F06-9090-F7E7684FD84C}"
EndProject
Project("{FAE04EC0-301F-11D3-BF4B-00C04F79EFBC}") = "Customer.Domain", "Services\Customer\Core\Customer.Domain\Customer.Domain.csproj", "{2EECEC09-7DC2-4C24-B72C-EE310BDCE02D}"
EndProject
Project("{FAE04EC0-301F-11D3-BF4B-00C04F79EFBC}") = "Customer.Application", "Services\Customer\Core\Customer.Application\Customer.Application.csproj", "{D6F43CED-0878-47EB-9031-0A294B1A5518}"
EndProject
Project("{FAE04EC0-301F-11D3-BF4B-00C04F79EFBC}") = "Customer.Persistance", "Services\Customer\Core\Customer.Infrastructure\Customer.Persistance.csproj", "{CADBA6F5-C708-41D1-8B4E-CFA77348C7C6}"
EndProject
Project("{FAE04EC0-301F-11D3-BF4B-00C04F79EFBC}") = "Customer.Infrastructure", "Services\Customer\Persistance\Customer.Infrastructure\Customer.Infrastructure.csproj", "{C45F597B-93AB-4498-B11C-133C8A19E8A8}"
EndProject
Project("{FAE04EC0-301F-11D3-BF4B-00C04F79EFBC}") = "BookAPI", "Services\Book\BookAPI\BookAPI.csproj", "{72BD83BC-A4B0-4A94-8B80-74A9105DCA08}"
EndProject
Project("{FAE04EC0-301F-11D3-BF4B-00C04F79EFBC}") = "Shared", "Shared\Shared\Shared.csproj", "{B5E8C6B4-BA37-4593-AE2D-BE535342D479}"
EndProject
Global
	GlobalSection(SolutionConfigurationPlatforms) = preSolution
		Debug|Any CPU = Debug|Any CPU
		Release|Any CPU = Release|Any CPU
	EndGlobalSection
	GlobalSection(ProjectConfigurationPlatforms) = postSolution
		{6A377139-2E6D-4A6B-9CB1-1BD2BE9D123E}.Debug|Any CPU.ActiveCfg = Debug|Any CPU
		{6A377139-2E6D-4A6B-9CB1-1BD2BE9D123E}.Debug|Any CPU.Build.0 = Debug|Any CPU
		{6A377139-2E6D-4A6B-9CB1-1BD2BE9D123E}.Release|Any CPU.ActiveCfg = Release|Any CPU
		{6A377139-2E6D-4A6B-9CB1-1BD2BE9D123E}.Release|Any CPU.Build.0 = Release|Any CPU
		{2EECEC09-7DC2-4C24-B72C-EE310BDCE02D}.Debug|Any CPU.ActiveCfg = Debug|Any CPU
		{2EECEC09-7DC2-4C24-B72C-EE310BDCE02D}.Debug|Any CPU.Build.0 = Debug|Any CPU
		{2EECEC09-7DC2-4C24-B72C-EE310BDCE02D}.Release|Any CPU.ActiveCfg = Release|Any CPU
		{2EECEC09-7DC2-4C24-B72C-EE310BDCE02D}.Release|Any CPU.Build.0 = Release|Any CPU
		{D6F43CED-0878-47EB-9031-0A294B1A5518}.Debug|Any CPU.ActiveCfg = Debug|Any CPU
		{D6F43CED-0878-47EB-9031-0A294B1A5518}.Debug|Any CPU.Build.0 = Debug|Any CPU
		{D6F43CED-0878-47EB-9031-0A294B1A5518}.Release|Any CPU.ActiveCfg = Release|Any CPU
		{D6F43CED-0878-47EB-9031-0A294B1A5518}.Release|Any CPU.Build.0 = Release|Any CPU
		{CADBA6F5-C708-41D1-8B4E-CFA77348C7C6}.Debug|Any CPU.ActiveCfg = Debug|Any CPU
		{CADBA6F5-C708-41D1-8B4E-CFA77348C7C6}.Debug|Any CPU.Build.0 = Debug|Any CPU
		{CADBA6F5-C708-41D1-8B4E-CFA77348C7C6}.Release|Any CPU.ActiveCfg = Release|Any CPU
		{CADBA6F5-C708-41D1-8B4E-CFA77348C7C6}.Release|Any CPU.Build.0 = Release|Any CPU
		{C45F597B-93AB-4498-B11C-133C8A19E8A8}.Debug|Any CPU.ActiveCfg = Debug|Any CPU
		{C45F597B-93AB-4498-B11C-133C8A19E8A8}.Debug|Any CPU.Build.0 = Debug|Any CPU
		{C45F597B-93AB-4498-B11C-133C8A19E8A8}.Release|Any CPU.ActiveCfg = Release|Any CPU
		{C45F597B-93AB-4498-B11C-133C8A19E8A8}.Release|Any CPU.Build.0 = Release|Any CPU
		{72BD83BC-A4B0-4A94-8B80-74A9105DCA08}.Debug|Any CPU.ActiveCfg = Debug|Any CPU
		{72BD83BC-A4B0-4A94-8B80-74A9105DCA08}.Debug|Any CPU.Build.0 = Debug|Any CPU
		{72BD83BC-A4B0-4A94-8B80-74A9105DCA08}.Release|Any CPU.ActiveCfg = Release|Any CPU
		{72BD83BC-A4B0-4A94-8B80-74A9105DCA08}.Release|Any CPU.Build.0 = Release|Any CPU
		{B5E8C6B4-BA37-4593-AE2D-BE535342D479}.Debug|Any CPU.ActiveCfg = Debug|Any CPU
		{B5E8C6B4-BA37-4593-AE2D-BE535342D479}.Debug|Any CPU.Build.0 = Debug|Any CPU
		{B5E8C6B4-BA37-4593-AE2D-BE535342D479}.Release|Any CPU.ActiveCfg = Release|Any CPU
		{B5E8C6B4-BA37-4593-AE2D-BE535342D479}.Release|Any CPU.Build.0 = Release|Any CPU
	EndGlobalSection
	GlobalSection(SolutionProperties) = preSolution
		HideSolutionNode = FALSE
	EndGlobalSection
	GlobalSection(NestedProjects) = preSolution
		{E48FD537-C5E6-491C-A1D1-7437F298EF80} = {953C4DC9-B989-46DD-A450-305C0FDFCB34}
		{83D2489D-EDB5-4B77-920E-27462A81965E} = {953C4DC9-B989-46DD-A450-305C0FDFCB34}
		{6A377139-2E6D-4A6B-9CB1-1BD2BE9D123E} = {43FB8ABB-FF1C-4F06-9090-F7E7684FD84C}
		{270EE836-2C04-48D9-9F80-6D8AA324BA5C} = {E48FD537-C5E6-491C-A1D1-7437F298EF80}
		{464DD77C-438A-43E6-BD77-58051D1E8EED} = {E48FD537-C5E6-491C-A1D1-7437F298EF80}
		{43FB8ABB-FF1C-4F06-9090-F7E7684FD84C} = {E48FD537-C5E6-491C-A1D1-7437F298EF80}
		{2EECEC09-7DC2-4C24-B72C-EE310BDCE02D} = {270EE836-2C04-48D9-9F80-6D8AA324BA5C}
		{D6F43CED-0878-47EB-9031-0A294B1A5518} = {270EE836-2C04-48D9-9F80-6D8AA324BA5C}
		{CADBA6F5-C708-41D1-8B4E-CFA77348C7C6} = {464DD77C-438A-43E6-BD77-58051D1E8EED}
		{C45F597B-93AB-4498-B11C-133C8A19E8A8} = {464DD77C-438A-43E6-BD77-58051D1E8EED}
		{72BD83BC-A4B0-4A94-8B80-74A9105DCA08} = {83D2489D-EDB5-4B77-920E-27462A81965E}
		{B5E8C6B4-BA37-4593-AE2D-BE535342D479} = {A76B7338-8B81-43B5-BE34-D6E60BA6008F}
	EndGlobalSection
	GlobalSection(ExtensibilityGlobals) = postSolution
		SolutionGuid = {5689612A-D481-4EDA-91B9-E6159DA97391}
	EndGlobalSection
EndGlobal
